
Microsoft Visual Studio Solution File, Format Version 12.00
# Visual Studio Version 17
VisualStudioVersion = 17.6.33815.320
MinimumVisualStudioVersion = 10.0.40219.1
Project("{FAE04EC0-301F-11D3-BF4B-00C04F79EFBC}") = "HolaMundo", "HolaMundo.csproj", "{FE091AE5-5410-4852-B05D-8192E12E678D}"
EndProject
Global
	GlobalSection(SolutionConfigurationPlatforms) = preSolution
		Debug|Any CPU = Debug|Any CPU
		Release|Any CPU = Release|Any CPU
	EndGlobalSection
	GlobalSection(ProjectConfigurationPlatforms) = postSolution
		{FE091AE5-5410-4852-B05D-8192E12E678D}.Debug|Any CPU.ActiveCfg = Debug|Any CPU
		{FE091AE5-5410-4852-B05D-8192E12E678D}.Debug|Any CPU.Build.0 = Debug|Any CPU
		{FE091AE5-5410-4852-B05D-8192E12E678D}.Release|Any CPU.ActiveCfg = Release|Any CPU
		{FE091AE5-5410-4852-B05D-8192E12E678D}.Release|Any CPU.Build.0 = Release|Any CPU
	EndGlobalSection
	GlobalSection(SolutionProperties) = preSolution
		HideSolutionNode = FALSE
	EndGlobalSection
	GlobalSection(ExtensibilityGlobals) = postSolution
		SolutionGuid = {D2009A13-CCC2-4950-A69E-BF3BB61F107F}
	EndGlobalSection
EndGlobal
